
Microsoft Visual Studio Solution File, Format Version 12.00
# Visual Studio Version 17
VisualStudioVersion = 17.7.34202.233
MinimumVisualStudioVersion = 10.0.40219.1
Project("{FAE04EC0-301F-11D3-BF4B-00C04F79EFBC}") = "MVCYoutubeProject", "MVCYoutubeProject\MVCYoutubeProject.csproj", "{D58203A6-D3F7-4220-A0BC-78C0ACEA07BA}"
EndProject
Global
	GlobalSection(SolutionConfigurationPlatforms) = preSolution
		Debug|Any CPU = Debug|Any CPU
		Release|Any CPU = Release|Any CPU
	EndGlobalSection
	GlobalSection(ProjectConfigurationPlatforms) = postSolution
		{D58203A6-D3F7-4220-A0BC-78C0ACEA07BA}.Debug|Any CPU.ActiveCfg = Debug|Any CPU
		{D58203A6-D3F7-4220-A0BC-78C0ACEA07BA}.Debug|Any CPU.Build.0 = Debug|Any CPU
		{D58203A6-D3F7-4220-A0BC-78C0ACEA07BA}.Release|Any CPU.ActiveCfg = Release|Any CPU
		{D58203A6-D3F7-4220-A0BC-78C0ACEA07BA}.Release|Any CPU.Build.0 = Release|Any CPU
	EndGlobalSection
	GlobalSection(SolutionProperties) = preSolution
		HideSolutionNode = FALSE
	EndGlobalSection
	GlobalSection(ExtensibilityGlobals) = postSolution
		SolutionGuid = {29F87189-2969-415E-9900-C6975363A4A2}
	EndGlobalSection
EndGlobal
